
Microsoft Visual Studio Solution File, Format Version 12.00
# Visual Studio Version 17
VisualStudioVersion = 17.3.32901.215
MinimumVisualStudioVersion = 10.0.40219.1
Project("{FAE04EC0-301F-11D3-BF4B-00C04F79EFBC}") = "Cafe-Server", "Cafe-Server\Cafe-Server.csproj", "{F4ED6CDE-ABC9-4C6E-9F6E-BD302A90AC06}"
EndProject
Global
	GlobalSection(SolutionConfigurationPlatforms) = preSolution
		Debug|Any CPU = Debug|Any CPU
		Release|Any CPU = Release|Any CPU
	EndGlobalSection
	GlobalSection(ProjectConfigurationPlatforms) = postSolution
		{F4ED6CDE-ABC9-4C6E-9F6E-BD302A90AC06}.Debug|Any CPU.ActiveCfg = Debug|Any CPU
		{F4ED6CDE-ABC9-4C6E-9F6E-BD302A90AC06}.Debug|Any CPU.Build.0 = Debug|Any CPU
		{F4ED6CDE-ABC9-4C6E-9F6E-BD302A90AC06}.Release|Any CPU.ActiveCfg = Release|Any CPU
		{F4ED6CDE-ABC9-4C6E-9F6E-BD302A90AC06}.Release|Any CPU.Build.0 = Release|Any CPU
	EndGlobalSection
	GlobalSection(SolutionProperties) = preSolution
		HideSolutionNode = FALSE
	EndGlobalSection
	GlobalSection(ExtensibilityGlobals) = postSolution
		SolutionGuid = {DE1EACEB-B358-4B06-8B63-46C10B7553AC}
	EndGlobalSection
EndGlobal
